// !$*UTF8*$!
{
	archiveVersion = 1;
	classes = {
	};
	objectVersion = 56;
	objects = {

/* Begin PBXBuildFile section */
		01BD17422D0A360800DC1E94 /* ImageDownloadError.swift in Sources */ = {isa = PBXBuildFile; fileRef = 01BD17412D0A360800DC1E94 /* ImageDownloadError.swift */; };
		01BD17442D0A386900DC1E94 /* FavoritesCoreDataService.swift in Sources */ = {isa = PBXBuildFile; fileRef = 01BD17432D0A386600DC1E94 /* FavoritesCoreDataService.swift */; };
		01BD17472D0A392900DC1E94 /* EpisodeContainer.xcdatamodeld in Sources */ = {isa = PBXBuildFile; fileRef = 01BD17452D0A392900DC1E94 /* EpisodeContainer.xcdatamodeld */; };
		01BD17492D0B691F00DC1E94 /* EpisodeEntity.swift in Sources */ = {isa = PBXBuildFile; fileRef = 01BD17482D0B691700DC1E94 /* EpisodeEntity.swift */; };
		01BD174B2D0CCE8600DC1E94 /* FavoritesViewModel.swift in Sources */ = {isa = PBXBuildFile; fileRef = 01BD174A2D0CCE7A00DC1E94 /* FavoritesViewModel.swift */; };
		01BD174D2D0CD57900DC1E94 /* AppDelegate+UINavigationBar.swift in Sources */ = {isa = PBXBuildFile; fileRef = 01BD174C2D0CD56A00DC1E94 /* AppDelegate+UINavigationBar.swift */; };
		01BD17502D0EEE4800DC1E94 /* CharacterViewController.swift in Sources */ = {isa = PBXBuildFile; fileRef = 01BD174F2D0EEE4800DC1E94 /* CharacterViewController.swift */; };
		01BD17522D0F0A9D00DC1E94 /* CharacterAssembly.swift in Sources */ = {isa = PBXBuildFile; fileRef = 01BD17512D0F0A9000DC1E94 /* CharacterAssembly.swift */; };
		9565BF592CF2529E00D1ECA6 /* TabBarController.swift in Sources */ = {isa = PBXBuildFile; fileRef = 9565BF582CF2529E00D1ECA6 /* TabBarController.swift */; };
		9565BF5B2CF2545B00D1ECA6 /* TabBarAssembly.swift in Sources */ = {isa = PBXBuildFile; fileRef = 9565BF5A2CF2545B00D1ECA6 /* TabBarAssembly.swift */; };
		9565BF5F2CF2563100D1ECA6 /* EpisodesViewController.swift in Sources */ = {isa = PBXBuildFile; fileRef = 9565BF5E2CF2563100D1ECA6 /* EpisodesViewController.swift */; };
		9565BF612CF25C7A00D1ECA6 /* FavoritesViewController.swift in Sources */ = {isa = PBXBuildFile; fileRef = 9565BF602CF25C7A00D1ECA6 /* FavoritesViewController.swift */; };
		9565BF632CF2623D00D1ECA6 /* FavoritesAssembly.swift in Sources */ = {isa = PBXBuildFile; fileRef = 9565BF622CF2623D00D1ECA6 /* FavoritesAssembly.swift */; };
		9565BF652CF2627600D1ECA6 /* EpisodesAssembly.swift in Sources */ = {isa = PBXBuildFile; fileRef = 9565BF642CF2627500D1ECA6 /* EpisodesAssembly.swift */; };
		9565BF682CF9167D00D1ECA6 /* EpisodeCell.swift in Sources */ = {isa = PBXBuildFile; fileRef = 9565BF672CF9167D00D1ECA6 /* EpisodeCell.swift */; };
		9565BF6B2CFB7AA900D1ECA6 /* Episode.swift in Sources */ = {isa = PBXBuildFile; fileRef = 9565BF6A2CFB7AA900D1ECA6 /* Episode.swift */; };
		9565BF712CFB854100D1ECA6 /* Roboto-Regular.ttf in Resources */ = {isa = PBXBuildFile; fileRef = 9565BF6E2CFB854100D1ECA6 /* Roboto-Regular.ttf */; };
		9565BF722CFB854100D1ECA6 /* Roboto-Bold.ttf in Resources */ = {isa = PBXBuildFile; fileRef = 9565BF6F2CFB854100D1ECA6 /* Roboto-Bold.ttf */; };
		9565BF732CFB854100D1ECA6 /* Roboto-Medium.ttf in Resources */ = {isa = PBXBuildFile; fileRef = 9565BF702CFB854100D1ECA6 /* Roboto-Medium.ttf */; };
		9565BF752CFBA04B00D1ECA6 /* Theme.swift in Sources */ = {isa = PBXBuildFile; fileRef = 9565BF742CFBA04B00D1ECA6 /* Theme.swift */; };
		9565BF772CFCF2FD00D1ECA6 /* EpisodeHeader.swift in Sources */ = {isa = PBXBuildFile; fileRef = 9565BF762CFCF2FD00D1ECA6 /* EpisodeHeader.swift */; };
		9565BF792CFF9C5400D1ECA6 /* EpisodeFilterView.swift in Sources */ = {isa = PBXBuildFile; fileRef = 9565BF782CFF9C5400D1ECA6 /* EpisodeFilterView.swift */; };
		9565BF7B2CFFADC300D1ECA6 /* EpisodesViewModel.swift in Sources */ = {isa = PBXBuildFile; fileRef = 9565BF7A2CFFADC300D1ECA6 /* EpisodesViewModel.swift */; };
		9565BF7E2CFFAEFD00D1ECA6 /* EpisodesService.swift in Sources */ = {isa = PBXBuildFile; fileRef = 9565BF7D2CFFAEFD00D1ECA6 /* EpisodesService.swift */; };
		9565BF812CFFAFD400D1ECA6 /* HTTPClient.swift in Sources */ = {isa = PBXBuildFile; fileRef = 9565BF802CFFAFD400D1ECA6 /* HTTPClient.swift */; };
		9565BF832CFFBC0600D1ECA6 /* Codable+Ext.swift in Sources */ = {isa = PBXBuildFile; fileRef = 9565BF822CFFBC0600D1ECA6 /* Codable+Ext.swift */; };
		9565BF852D01063900D1ECA6 /* ResponseEpisode.swift in Sources */ = {isa = PBXBuildFile; fileRef = 9565BF842D01063900D1ECA6 /* ResponseEpisode.swift */; };
		9565BF872D01064F00D1ECA6 /* ResponseInfo.swift in Sources */ = {isa = PBXBuildFile; fileRef = 9565BF862D01064F00D1ECA6 /* ResponseInfo.swift */; };
		9565BF8A2D0237A400D1ECA6 /* Character.swift in Sources */ = {isa = PBXBuildFile; fileRef = 9565BF892D0237A400D1ECA6 /* Character.swift */; };
		9565BF8C2D023E7C00D1ECA6 /* UIImageView+Download.swift in Sources */ = {isa = PBXBuildFile; fileRef = 9565BF8B2D023E7C00D1ECA6 /* UIImageView+Download.swift */; };
		956EC48A2CF1D0B40082AD94 /* LaunchAssembly.swift in Sources */ = {isa = PBXBuildFile; fileRef = 956EC4892CF1D0B40082AD94 /* LaunchAssembly.swift */; };
		95AA59572CEE7988002705F5 /* AppDelegate.swift in Sources */ = {isa = PBXBuildFile; fileRef = 95AA59562CEE7988002705F5 /* AppDelegate.swift */; };
		95AA595B2CEE7988002705F5 /* ViewController.swift in Sources */ = {isa = PBXBuildFile; fileRef = 95AA595A2CEE7988002705F5 /* ViewController.swift */; };
		95AA595E2CEE7988002705F5 /* Main.storyboard in Resources */ = {isa = PBXBuildFile; fileRef = 95AA595C2CEE7988002705F5 /* Main.storyboard */; };
		95AA59602CEE798C002705F5 /* Assets.xcassets in Resources */ = {isa = PBXBuildFile; fileRef = 95AA595F2CEE798C002705F5 /* Assets.xcassets */; };
		95AA59632CEE798C002705F5 /* LaunchScreen.storyboard in Resources */ = {isa = PBXBuildFile; fileRef = 95AA59612CEE798C002705F5 /* LaunchScreen.storyboard */; };
		95AA596C2CEFB7AC002705F5 /* Coordinator.swift in Sources */ = {isa = PBXBuildFile; fileRef = 95AA596B2CEFB7AC002705F5 /* Coordinator.swift */; };
		95AA596F2CEFB843002705F5 /* Dependencies.swift in Sources */ = {isa = PBXBuildFile; fileRef = 95AA596E2CEFB843002705F5 /* Dependencies.swift */; };
		95AA59712CEFB9D8002705F5 /* AppCoordinator.swift in Sources */ = {isa = PBXBuildFile; fileRef = 95AA59702CEFB9D8002705F5 /* AppCoordinator.swift */; };
		95AA59732CEFBC42002705F5 /* MainCoordinator.swift in Sources */ = {isa = PBXBuildFile; fileRef = 95AA59722CEFBC42002705F5 /* MainCoordinator.swift */; };
		95AA59782CF08D65002705F5 /* ModuleContainer.swift in Sources */ = {isa = PBXBuildFile; fileRef = 95AA59772CF08D65002705F5 /* ModuleContainer.swift */; };
		95AA597B2CF08EFB002705F5 /* LaunchViewController.swift in Sources */ = {isa = PBXBuildFile; fileRef = 95AA597A2CF08EFB002705F5 /* LaunchViewController.swift */; };
		95AA597E2CF0B3C3002705F5 /* Constants.swift in Sources */ = {isa = PBXBuildFile; fileRef = 95AA597D2CF0B3C3002705F5 /* Constants.swift */; };
/* End PBXBuildFile section */

/* Begin PBXFileReference section */
		01BD17412D0A360800DC1E94 /* ImageDownloadError.swift */ = {isa = PBXFileReference; lastKnownFileType = sourcecode.swift; path = ImageDownloadError.swift; sourceTree = "<group>"; };
		01BD17432D0A386600DC1E94 /* FavoritesCoreDataService.swift */ = {isa = PBXFileReference; lastKnownFileType = sourcecode.swift; path = FavoritesCoreDataService.swift; sourceTree = "<group>"; };
		01BD17462D0A392900DC1E94 /* EpisodeContainer.xcdatamodel */ = {isa = PBXFileReference; lastKnownFileType = wrapper.xcdatamodel; path = EpisodeContainer.xcdatamodel; sourceTree = "<group>"; };
		01BD17482D0B691700DC1E94 /* EpisodeEntity.swift */ = {isa = PBXFileReference; lastKnownFileType = sourcecode.swift; path = EpisodeEntity.swift; sourceTree = "<group>"; };
		01BD174A2D0CCE7A00DC1E94 /* FavoritesViewModel.swift */ = {isa = PBXFileReference; lastKnownFileType = sourcecode.swift; path = FavoritesViewModel.swift; sourceTree = "<group>"; };
		01BD174C2D0CD56A00DC1E94 /* AppDelegate+UINavigationBar.swift */ = {isa = PBXFileReference; lastKnownFileType = sourcecode.swift; path = "AppDelegate+UINavigationBar.swift"; sourceTree = "<group>"; };
		01BD174F2D0EEE4800DC1E94 /* CharacterViewController.swift */ = {isa = PBXFileReference; lastKnownFileType = sourcecode.swift; path = CharacterViewController.swift; sourceTree = "<group>"; };
		01BD17512D0F0A9000DC1E94 /* CharacterAssembly.swift */ = {isa = PBXFileReference; lastKnownFileType = sourcecode.swift; path = CharacterAssembly.swift; sourceTree = "<group>"; };
		9565BF582CF2529E00D1ECA6 /* TabBarController.swift */ = {isa = PBXFileReference; lastKnownFileType = sourcecode.swift; path = TabBarController.swift; sourceTree = "<group>"; };
		9565BF5A2CF2545B00D1ECA6 /* TabBarAssembly.swift */ = {isa = PBXFileReference; lastKnownFileType = sourcecode.swift; path = TabBarAssembly.swift; sourceTree = "<group>"; };
		9565BF5E2CF2563100D1ECA6 /* EpisodesViewController.swift */ = {isa = PBXFileReference; lastKnownFileType = sourcecode.swift; path = EpisodesViewController.swift; sourceTree = "<group>"; };
		9565BF602CF25C7A00D1ECA6 /* FavoritesViewController.swift */ = {isa = PBXFileReference; lastKnownFileType = sourcecode.swift; path = FavoritesViewController.swift; sourceTree = "<group>"; };
		9565BF622CF2623D00D1ECA6 /* FavoritesAssembly.swift */ = {isa = PBXFileReference; lastKnownFileType = sourcecode.swift; path = FavoritesAssembly.swift; sourceTree = "<group>"; };
		9565BF642CF2627500D1ECA6 /* EpisodesAssembly.swift */ = {isa = PBXFileReference; lastKnownFileType = sourcecode.swift; path = EpisodesAssembly.swift; sourceTree = "<group>"; };
		9565BF672CF9167D00D1ECA6 /* EpisodeCell.swift */ = {isa = PBXFileReference; lastKnownFileType = sourcecode.swift; path = EpisodeCell.swift; sourceTree = "<group>"; };
		9565BF6A2CFB7AA900D1ECA6 /* Episode.swift */ = {isa = PBXFileReference; lastKnownFileType = sourcecode.swift; path = Episode.swift; sourceTree = "<group>"; };
		9565BF6E2CFB854100D1ECA6 /* Roboto-Regular.ttf */ = {isa = PBXFileReference; lastKnownFileType = file; path = "Roboto-Regular.ttf"; sourceTree = "<group>"; };
		9565BF6F2CFB854100D1ECA6 /* Roboto-Bold.ttf */ = {isa = PBXFileReference; lastKnownFileType = file; path = "Roboto-Bold.ttf"; sourceTree = "<group>"; };
		9565BF702CFB854100D1ECA6 /* Roboto-Medium.ttf */ = {isa = PBXFileReference; lastKnownFileType = file; path = "Roboto-Medium.ttf"; sourceTree = "<group>"; };
		9565BF742CFBA04B00D1ECA6 /* Theme.swift */ = {isa = PBXFileReference; lastKnownFileType = sourcecode.swift; path = Theme.swift; sourceTree = "<group>"; };
		9565BF762CFCF2FD00D1ECA6 /* EpisodeHeader.swift */ = {isa = PBXFileReference; lastKnownFileType = sourcecode.swift; path = EpisodeHeader.swift; sourceTree = "<group>"; };
		9565BF782CFF9C5400D1ECA6 /* EpisodeFilterView.swift */ = {isa = PBXFileReference; lastKnownFileType = sourcecode.swift; path = EpisodeFilterView.swift; sourceTree = "<group>"; };
		9565BF7A2CFFADC300D1ECA6 /* EpisodesViewModel.swift */ = {isa = PBXFileReference; lastKnownFileType = sourcecode.swift; path = EpisodesViewModel.swift; sourceTree = "<group>"; };
		9565BF7D2CFFAEFD00D1ECA6 /* EpisodesService.swift */ = {isa = PBXFileReference; lastKnownFileType = sourcecode.swift; path = EpisodesService.swift; sourceTree = "<group>"; };
		9565BF802CFFAFD400D1ECA6 /* HTTPClient.swift */ = {isa = PBXFileReference; lastKnownFileType = sourcecode.swift; path = HTTPClient.swift; sourceTree = "<group>"; };
		9565BF822CFFBC0600D1ECA6 /* Codable+Ext.swift */ = {isa = PBXFileReference; lastKnownFileType = sourcecode.swift; path = "Codable+Ext.swift"; sourceTree = "<group>"; };
		9565BF842D01063900D1ECA6 /* ResponseEpisode.swift */ = {isa = PBXFileReference; lastKnownFileType = sourcecode.swift; path = ResponseEpisode.swift; sourceTree = "<group>"; };
		9565BF862D01064F00D1ECA6 /* ResponseInfo.swift */ = {isa = PBXFileReference; lastKnownFileType = sourcecode.swift; path = ResponseInfo.swift; sourceTree = "<group>"; };
		9565BF892D0237A400D1ECA6 /* Character.swift */ = {isa = PBXFileReference; lastKnownFileType = sourcecode.swift; path = Character.swift; sourceTree = "<group>"; };
		9565BF8B2D023E7C00D1ECA6 /* UIImageView+Download.swift */ = {isa = PBXFileReference; lastKnownFileType = sourcecode.swift; path = "UIImageView+Download.swift"; sourceTree = "<group>"; };
		956EC4892CF1D0B40082AD94 /* LaunchAssembly.swift */ = {isa = PBXFileReference; lastKnownFileType = sourcecode.swift; path = LaunchAssembly.swift; sourceTree = "<group>"; };
		95AA59532CEE7988002705F5 /* RickAndMorty.app */ = {isa = PBXFileReference; explicitFileType = wrapper.application; includeInIndex = 0; path = RickAndMorty.app; sourceTree = BUILT_PRODUCTS_DIR; };
		95AA59562CEE7988002705F5 /* AppDelegate.swift */ = {isa = PBXFileReference; lastKnownFileType = sourcecode.swift; path = AppDelegate.swift; sourceTree = "<group>"; };
		95AA595A2CEE7988002705F5 /* ViewController.swift */ = {isa = PBXFileReference; lastKnownFileType = sourcecode.swift; path = ViewController.swift; sourceTree = "<group>"; };
		95AA595D2CEE7988002705F5 /* Base */ = {isa = PBXFileReference; lastKnownFileType = file.storyboard; name = Base; path = Base.lproj/Main.storyboard; sourceTree = "<group>"; };
		95AA595F2CEE798C002705F5 /* Assets.xcassets */ = {isa = PBXFileReference; lastKnownFileType = folder.assetcatalog; path = Assets.xcassets; sourceTree = "<group>"; };
		95AA59622CEE798C002705F5 /* Base */ = {isa = PBXFileReference; lastKnownFileType = file.storyboard; name = Base; path = Base.lproj/LaunchScreen.storyboard; sourceTree = "<group>"; };
		95AA59642CEE798C002705F5 /* Info.plist */ = {isa = PBXFileReference; lastKnownFileType = text.plist.xml; path = Info.plist; sourceTree = "<group>"; };
		95AA596B2CEFB7AC002705F5 /* Coordinator.swift */ = {isa = PBXFileReference; lastKnownFileType = sourcecode.swift; path = Coordinator.swift; sourceTree = "<group>"; };
		95AA596E2CEFB843002705F5 /* Dependencies.swift */ = {isa = PBXFileReference; lastKnownFileType = sourcecode.swift; path = Dependencies.swift; sourceTree = "<group>"; };
		95AA59702CEFB9D8002705F5 /* AppCoordinator.swift */ = {isa = PBXFileReference; lastKnownFileType = sourcecode.swift; path = AppCoordinator.swift; sourceTree = "<group>"; };
		95AA59722CEFBC42002705F5 /* MainCoordinator.swift */ = {isa = PBXFileReference; lastKnownFileType = sourcecode.swift; path = MainCoordinator.swift; sourceTree = "<group>"; };
		95AA59772CF08D65002705F5 /* ModuleContainer.swift */ = {isa = PBXFileReference; lastKnownFileType = sourcecode.swift; path = ModuleContainer.swift; sourceTree = "<group>"; };
		95AA597A2CF08EFB002705F5 /* LaunchViewController.swift */ = {isa = PBXFileReference; lastKnownFileType = sourcecode.swift; path = LaunchViewController.swift; sourceTree = "<group>"; };
		95AA597D2CF0B3C3002705F5 /* Constants.swift */ = {isa = PBXFileReference; lastKnownFileType = sourcecode.swift; path = Constants.swift; sourceTree = "<group>"; };
/* End PBXFileReference section */

/* Begin PBXFrameworksBuildPhase section */
		95AA59502CEE7988002705F5 /* Frameworks */ = {
			isa = PBXFrameworksBuildPhase;
			buildActionMask = 2147483647;
			files = (
			);
			runOnlyForDeploymentPostprocessing = 0;
		};
/* End PBXFrameworksBuildPhase section */

/* Begin PBXGroup section */
		01BD17402D0A35EF00DC1E94 /* Errors */ = {
			isa = PBXGroup;
			children = (
				01BD17412D0A360800DC1E94 /* ImageDownloadError.swift */,
			);
			path = Errors;
			sourceTree = "<group>";
		};
		01BD174E2D0EEDED00DC1E94 /* Character */ = {
			isa = PBXGroup;
			children = (
				01BD17512D0F0A9000DC1E94 /* CharacterAssembly.swift */,
				01BD174F2D0EEE4800DC1E94 /* CharacterViewController.swift */,
			);
			path = Character;
			sourceTree = "<group>";
		};
		9565BF572CF251E400D1ECA6 /* TabBar */ = {
			isa = PBXGroup;
			children = (
				9565BF582CF2529E00D1ECA6 /* TabBarController.swift */,
				9565BF5A2CF2545B00D1ECA6 /* TabBarAssembly.swift */,
			);
			path = TabBar;
			sourceTree = "<group>";
		};
		9565BF5C2CF255FE00D1ECA6 /* Episodes */ = {
			isa = PBXGroup;
			children = (
				9565BF662CF9166100D1ECA6 /* View */,
				9565BF5E2CF2563100D1ECA6 /* EpisodesViewController.swift */,
				9565BF642CF2627500D1ECA6 /* EpisodesAssembly.swift */,
				9565BF7A2CFFADC300D1ECA6 /* EpisodesViewModel.swift */,
			);
			path = Episodes;
			sourceTree = "<group>";
		};
		9565BF5D2CF2561200D1ECA6 /* Favorites */ = {
			isa = PBXGroup;
			children = (
				01BD174A2D0CCE7A00DC1E94 /* FavoritesViewModel.swift */,
				9565BF602CF25C7A00D1ECA6 /* FavoritesViewController.swift */,
				9565BF622CF2623D00D1ECA6 /* FavoritesAssembly.swift */,
			);
			path = Favorites;
			sourceTree = "<group>";
		};
		9565BF662CF9166100D1ECA6 /* View */ = {
			isa = PBXGroup;
			children = (
				9565BF672CF9167D00D1ECA6 /* EpisodeCell.swift */,
				9565BF762CFCF2FD00D1ECA6 /* EpisodeHeader.swift */,
				9565BF782CFF9C5400D1ECA6 /* EpisodeFilterView.swift */,
			);
			path = View;
			sourceTree = "<group>";
		};
		9565BF692CFB7A9800D1ECA6 /* Model */ = {
			isa = PBXGroup;
			children = (
				01BD17482D0B691700DC1E94 /* EpisodeEntity.swift */,
				9565BF6A2CFB7AA900D1ECA6 /* Episode.swift */,
				9565BF842D01063900D1ECA6 /* ResponseEpisode.swift */,
				9565BF862D01064F00D1ECA6 /* ResponseInfo.swift */,
				9565BF892D0237A400D1ECA6 /* Character.swift */,
				01BD17452D0A392900DC1E94 /* EpisodeContainer.xcdatamodeld */,
			);
			path = Model;
			sourceTree = "<group>";
		};
		9565BF6C2CFB84F300D1ECA6 /* Resources */ = {
			isa = PBXGroup;
			children = (
				9565BF6D2CFB851000D1ECA6 /* Fonts */,
			);
			path = Resources;
			sourceTree = "<group>";
		};
		9565BF6D2CFB851000D1ECA6 /* Fonts */ = {
			isa = PBXGroup;
			children = (
				9565BF6F2CFB854100D1ECA6 /* Roboto-Bold.ttf */,
				9565BF702CFB854100D1ECA6 /* Roboto-Medium.ttf */,
				9565BF6E2CFB854100D1ECA6 /* Roboto-Regular.ttf */,
			);
			path = Fonts;
			sourceTree = "<group>";
		};
		9565BF7C2CFFAEE500D1ECA6 /* Service */ = {
			isa = PBXGroup;
			children = (
				01BD17432D0A386600DC1E94 /* FavoritesCoreDataService.swift */,
				9565BF7D2CFFAEFD00D1ECA6 /* EpisodesService.swift */,
			);
			path = Service;
			sourceTree = "<group>";
		};
		9565BF7F2CFFAFBF00D1ECA6 /* Utility */ = {
			isa = PBXGroup;
			children = (
				9565BF802CFFAFD400D1ECA6 /* HTTPClient.swift */,
			);
			path = Utility;
			sourceTree = "<group>";
		};
		95AA594A2CEE7987002705F5 = {
			isa = PBXGroup;
			children = (
				95AA59552CEE7988002705F5 /* RickAndMorty */,
				95AA59542CEE7988002705F5 /* Products */,
			);
			sourceTree = "<group>";
		};
		95AA59542CEE7988002705F5 /* Products */ = {
			isa = PBXGroup;
			children = (
				95AA59532CEE7988002705F5 /* RickAndMorty.app */,
			);
			name = Products;
			sourceTree = "<group>";
		};
		95AA59552CEE7988002705F5 /* RickAndMorty */ = {
			isa = PBXGroup;
			children = (
				9565BF7F2CFFAFBF00D1ECA6 /* Utility */,
				9565BF7C2CFFAEE500D1ECA6 /* Service */,
				9565BF692CFB7A9800D1ECA6 /* Model */,
				95AA597C2CF0B2F8002705F5 /* Extension */,
				95AA59752CF08B84002705F5 /* Module */,
				95AA59742CEFC1FE002705F5 /* Suppotring Files */,
				95AA596D2CEFB819002705F5 /* Dependency */,
				95AA596A2CEFB77B002705F5 /* Coordinator */,
				95AA595A2CEE7988002705F5 /* ViewController.swift */,
				95AA595C2CEE7988002705F5 /* Main.storyboard */,
				95AA595F2CEE798C002705F5 /* Assets.xcassets */,
				95AA59612CEE798C002705F5 /* LaunchScreen.storyboard */,
				95AA59642CEE798C002705F5 /* Info.plist */,
			);
			path = RickAndMorty;
			sourceTree = "<group>";
		};
		95AA596A2CEFB77B002705F5 /* Coordinator */ = {
			isa = PBXGroup;
			children = (
				95AA596B2CEFB7AC002705F5 /* Coordinator.swift */,
				95AA59702CEFB9D8002705F5 /* AppCoordinator.swift */,
				95AA59722CEFBC42002705F5 /* MainCoordinator.swift */,
			);
			path = Coordinator;
			sourceTree = "<group>";
		};
		95AA596D2CEFB819002705F5 /* Dependency */ = {
			isa = PBXGroup;
			children = (
				95AA596E2CEFB843002705F5 /* Dependencies.swift */,
				95AA59772CF08D65002705F5 /* ModuleContainer.swift */,
			);
			path = Dependency;
			sourceTree = "<group>";
		};
		95AA59742CEFC1FE002705F5 /* Suppotring Files */ = {
			isa = PBXGroup;
			children = (
				9565BF6C2CFB84F300D1ECA6 /* Resources */,
				95AA59562CEE7988002705F5 /* AppDelegate.swift */,
			);
			path = "Suppotring Files";
			sourceTree = "<group>";
		};
		95AA59752CF08B84002705F5 /* Module */ = {
			isa = PBXGroup;
			children = (
				01BD174E2D0EEDED00DC1E94 /* Character */,
				9565BF5D2CF2561200D1ECA6 /* Favorites */,
				9565BF5C2CF255FE00D1ECA6 /* Episodes */,
				9565BF572CF251E400D1ECA6 /* TabBar */,
				95AA59792CF08EAE002705F5 /* Launch */,
			);
			path = Module;
			sourceTree = "<group>";
		};
		95AA59792CF08EAE002705F5 /* Launch */ = {
			isa = PBXGroup;
			children = (
				95AA597A2CF08EFB002705F5 /* LaunchViewController.swift */,
				956EC4892CF1D0B40082AD94 /* LaunchAssembly.swift */,
			);
			path = Launch;
			sourceTree = "<group>";
		};
		95AA597C2CF0B2F8002705F5 /* Extension */ = {
			isa = PBXGroup;
			children = (
				01BD174C2D0CD56A00DC1E94 /* AppDelegate+UINavigationBar.swift */,
				01BD17402D0A35EF00DC1E94 /* Errors */,
				95AA597D2CF0B3C3002705F5 /* Constants.swift */,
				9565BF742CFBA04B00D1ECA6 /* Theme.swift */,
				9565BF822CFFBC0600D1ECA6 /* Codable+Ext.swift */,
				9565BF8B2D023E7C00D1ECA6 /* UIImageView+Download.swift */,
			);
			path = Extension;
			sourceTree = "<group>";
		};
/* End PBXGroup section */

/* Begin PBXNativeTarget section */
		95AA59522CEE7988002705F5 /* RickAndMorty */ = {
			isa = PBXNativeTarget;
			buildConfigurationList = 95AA59672CEE798C002705F5 /* Build configuration list for PBXNativeTarget "RickAndMorty" */;
			buildPhases = (
				95AA594F2CEE7988002705F5 /* Sources */,
				95AA59502CEE7988002705F5 /* Frameworks */,
				95AA59512CEE7988002705F5 /* Resources */,
			);
			buildRules = (
			);
			dependencies = (
			);
			name = RickAndMorty;
			productName = RickAndMorty;
			productReference = 95AA59532CEE7988002705F5 /* RickAndMorty.app */;
			productType = "com.apple.product-type.application";
		};
/* End PBXNativeTarget section */

/* Begin PBXProject section */
		95AA594B2CEE7987002705F5 /* Project object */ = {
			isa = PBXProject;
			attributes = {
				BuildIndependentTargetsInParallel = 1;
				LastSwiftUpdateCheck = 1420;
				LastUpgradeCheck = 1420;
				TargetAttributes = {
					95AA59522CEE7988002705F5 = {
						CreatedOnToolsVersion = 14.2;
					};
				};
			};
			buildConfigurationList = 95AA594E2CEE7987002705F5 /* Build configuration list for PBXProject "RickAndMorty" */;
			compatibilityVersion = "Xcode 14.0";
			developmentRegion = en;
			hasScannedForEncodings = 0;
			knownRegions = (
				en,
				Base,
			);
			mainGroup = 95AA594A2CEE7987002705F5;
			productRefGroup = 95AA59542CEE7988002705F5 /* Products */;
			projectDirPath = "";
			projectRoot = "";
			targets = (
				95AA59522CEE7988002705F5 /* RickAndMorty */,
			);
		};
/* End PBXProject section */

/* Begin PBXResourcesBuildPhase section */
		95AA59512CEE7988002705F5 /* Resources */ = {
			isa = PBXResourcesBuildPhase;
			buildActionMask = 2147483647;
			files = (
				95AA59632CEE798C002705F5 /* LaunchScreen.storyboard in Resources */,
				95AA59602CEE798C002705F5 /* Assets.xcassets in Resources */,
				9565BF732CFB854100D1ECA6 /* Roboto-Medium.ttf in Resources */,
				9565BF722CFB854100D1ECA6 /* Roboto-Bold.ttf in Resources */,
				9565BF712CFB854100D1ECA6 /* Roboto-Regular.ttf in Resources */,
				95AA595E2CEE7988002705F5 /* Main.storyboard in Resources */,
			);
			runOnlyForDeploymentPostprocessing = 0;
		};
/* End PBXResourcesBuildPhase section */

/* Begin PBXSourcesBuildPhase section */
		95AA594F2CEE7988002705F5 /* Sources */ = {
			isa = PBXSourcesBuildPhase;
			buildActionMask = 2147483647;
			files = (
				01BD17502D0EEE4800DC1E94 /* CharacterViewController.swift in Sources */,
				9565BF852D01063900D1ECA6 /* ResponseEpisode.swift in Sources */,
				01BD17472D0A392900DC1E94 /* EpisodeContainer.xcdatamodeld in Sources */,
				9565BF682CF9167D00D1ECA6 /* EpisodeCell.swift in Sources */,
				01BD17522D0F0A9D00DC1E94 /* CharacterAssembly.swift in Sources */,
				95AA59782CF08D65002705F5 /* ModuleContainer.swift in Sources */,
				01BD17492D0B691F00DC1E94 /* EpisodeEntity.swift in Sources */,
				9565BF812CFFAFD400D1ECA6 /* HTTPClient.swift in Sources */,
				01BD174D2D0CD57900DC1E94 /* AppDelegate+UINavigationBar.swift in Sources */,
				95AA596F2CEFB843002705F5 /* Dependencies.swift in Sources */,
				9565BF872D01064F00D1ECA6 /* ResponseInfo.swift in Sources */,
				9565BF8C2D023E7C00D1ECA6 /* UIImageView+Download.swift in Sources */,
				9565BF612CF25C7A00D1ECA6 /* FavoritesViewController.swift in Sources */,
				9565BF592CF2529E00D1ECA6 /* TabBarController.swift in Sources */,
				95AA59732CEFBC42002705F5 /* MainCoordinator.swift in Sources */,
				9565BF632CF2623D00D1ECA6 /* FavoritesAssembly.swift in Sources */,
				9565BF6B2CFB7AA900D1ECA6 /* Episode.swift in Sources */,
				95AA595B2CEE7988002705F5 /* ViewController.swift in Sources */,
				9565BF7E2CFFAEFD00D1ECA6 /* EpisodesService.swift in Sources */,
				95AA59712CEFB9D8002705F5 /* AppCoordinator.swift in Sources */,
				01BD17442D0A386900DC1E94 /* FavoritesCoreDataService.swift in Sources */,
				95AA59572CEE7988002705F5 /* AppDelegate.swift in Sources */,
				9565BF5B2CF2545B00D1ECA6 /* TabBarAssembly.swift in Sources */,
				9565BF7B2CFFADC300D1ECA6 /* EpisodesViewModel.swift in Sources */,
				95AA596C2CEFB7AC002705F5 /* Coordinator.swift in Sources */,
				9565BF752CFBA04B00D1ECA6 /* Theme.swift in Sources */,
				95AA597B2CF08EFB002705F5 /* LaunchViewController.swift in Sources */,
				01BD174B2D0CCE8600DC1E94 /* FavoritesViewModel.swift in Sources */,
				9565BF792CFF9C5400D1ECA6 /* EpisodeFilterView.swift in Sources */,
				956EC48A2CF1D0B40082AD94 /* LaunchAssembly.swift in Sources */,
				9565BF772CFCF2FD00D1ECA6 /* EpisodeHeader.swift in Sources */,
				9565BF8A2D0237A400D1ECA6 /* Character.swift in Sources */,
				9565BF652CF2627600D1ECA6 /* EpisodesAssembly.swift in Sources */,
				9565BF5F2CF2563100D1ECA6 /* EpisodesViewController.swift in Sources */,
				9565BF832CFFBC0600D1ECA6 /* Codable+Ext.swift in Sources */,
				01BD17422D0A360800DC1E94 /* ImageDownloadError.swift in Sources */,
				95AA597E2CF0B3C3002705F5 /* Constants.swift in Sources */,
			);
			runOnlyForDeploymentPostprocessing = 0;
		};
/* End PBXSourcesBuildPhase section */

/* Begin PBXVariantGroup section */
		95AA595C2CEE7988002705F5 /* Main.storyboard */ = {
			isa = PBXVariantGroup;
			children = (
				95AA595D2CEE7988002705F5 /* Base */,
			);
			name = Main.storyboard;
			sourceTree = "<group>";
		};
		95AA59612CEE798C002705F5 /* LaunchScreen.storyboard */ = {
			isa = PBXVariantGroup;
			children = (
				95AA59622CEE798C002705F5 /* Base */,
			);
			name = LaunchScreen.storyboard;
			sourceTree = "<group>";
		};
/* End PBXVariantGroup section */

/* Begin XCBuildConfiguration section */
		95AA59652CEE798C002705F5 /* Debug */ = {
			isa = XCBuildConfiguration;
			buildSettings = {
				ALWAYS_SEARCH_USER_PATHS = NO;
				CLANG_ANALYZER_NONNULL = YES;
				CLANG_ANALYZER_NUMBER_OBJECT_CONVERSION = YES_AGGRESSIVE;
				CLANG_CXX_LANGUAGE_STANDARD = "gnu++20";
				CLANG_ENABLE_MODULES = YES;
				CLANG_ENABLE_OBJC_ARC = YES;
				CLANG_ENABLE_OBJC_WEAK = YES;
				CLANG_WARN_BLOCK_CAPTURE_AUTORELEASING = YES;
				CLANG_WARN_BOOL_CONVERSION = YES;
				CLANG_WARN_COMMA = YES;
				CLANG_WARN_CONSTANT_CONVERSION = YES;
				CLANG_WARN_DEPRECATED_OBJC_IMPLEMENTATIONS = YES;
				CLANG_WARN_DIRECT_OBJC_ISA_USAGE = YES_ERROR;
				CLANG_WARN_DOCUMENTATION_COMMENTS = YES;
				CLANG_WARN_EMPTY_BODY = YES;
				CLANG_WARN_ENUM_CONVERSION = YES;
				CLANG_WARN_INFINITE_RECURSION = YES;
				CLANG_WARN_INT_CONVERSION = YES;
				CLANG_WARN_NON_LITERAL_NULL_CONVERSION = YES;
				CLANG_WARN_OBJC_IMPLICIT_RETAIN_SELF = YES;
				CLANG_WARN_OBJC_LITERAL_CONVERSION = YES;
				CLANG_WARN_OBJC_ROOT_CLASS = YES_ERROR;
				CLANG_WARN_QUOTED_INCLUDE_IN_FRAMEWORK_HEADER = YES;
				CLANG_WARN_RANGE_LOOP_ANALYSIS = YES;
				CLANG_WARN_STRICT_PROTOTYPES = YES;
				CLANG_WARN_SUSPICIOUS_MOVE = YES;
				CLANG_WARN_UNGUARDED_AVAILABILITY = YES_AGGRESSIVE;
				CLANG_WARN_UNREACHABLE_CODE = YES;
				CLANG_WARN__DUPLICATE_METHOD_MATCH = YES;
				COPY_PHASE_STRIP = NO;
				DEBUG_INFORMATION_FORMAT = dwarf;
				ENABLE_STRICT_OBJC_MSGSEND = YES;
				ENABLE_TESTABILITY = YES;
				GCC_C_LANGUAGE_STANDARD = gnu11;
				GCC_DYNAMIC_NO_PIC = NO;
				GCC_NO_COMMON_BLOCKS = YES;
				GCC_OPTIMIZATION_LEVEL = 0;
				GCC_PREPROCESSOR_DEFINITIONS = (
					"DEBUG=1",
					"$(inherited)",
				);
				GCC_WARN_64_TO_32_BIT_CONVERSION = YES;
				GCC_WARN_ABOUT_RETURN_TYPE = YES_ERROR;
				GCC_WARN_UNDECLARED_SELECTOR = YES;
				GCC_WARN_UNINITIALIZED_AUTOS = YES_AGGRESSIVE;
				GCC_WARN_UNUSED_FUNCTION = YES;
				GCC_WARN_UNUSED_VARIABLE = YES;
				IPHONEOS_DEPLOYMENT_TARGET = 16.2;
				MTL_ENABLE_DEBUG_INFO = INCLUDE_SOURCE;
				MTL_FAST_MATH = YES;
				ONLY_ACTIVE_ARCH = YES;
				SDKROOT = iphoneos;
				SWIFT_ACTIVE_COMPILATION_CONDITIONS = DEBUG;
				SWIFT_OPTIMIZATION_LEVEL = "-Onone";
			};
			name = Debug;
		};
		95AA59662CEE798C002705F5 /* Release */ = {
			isa = XCBuildConfiguration;
			buildSettings = {
				ALWAYS_SEARCH_USER_PATHS = NO;
				CLANG_ANALYZER_NONNULL = YES;
				CLANG_ANALYZER_NUMBER_OBJECT_CONVERSION = YES_AGGRESSIVE;
				CLANG_CXX_LANGUAGE_STANDARD = "gnu++20";
				CLANG_ENABLE_MODULES = YES;
				CLANG_ENABLE_OBJC_ARC = YES;
				CLANG_ENABLE_OBJC_WEAK = YES;
				CLANG_WARN_BLOCK_CAPTURE_AUTORELEASING = YES;
				CLANG_WARN_BOOL_CONVERSION = YES;
				CLANG_WARN_COMMA = YES;
				CLANG_WARN_CONSTANT_CONVERSION = YES;
				CLANG_WARN_DEPRECATED_OBJC_IMPLEMENTATIONS = YES;
				CLANG_WARN_DIRECT_OBJC_ISA_USAGE = YES_ERROR;
				CLANG_WARN_DOCUMENTATION_COMMENTS = YES;
				CLANG_WARN_EMPTY_BODY = YES;
				CLANG_WARN_ENUM_CONVERSION = YES;
				CLANG_WARN_INFINITE_RECURSION = YES;
				CLANG_WARN_INT_CONVERSION = YES;
				CLANG_WARN_NON_LITERAL_NULL_CONVERSION = YES;
				CLANG_WARN_OBJC_IMPLICIT_RETAIN_SELF = YES;
				CLANG_WARN_OBJC_LITERAL_CONVERSION = YES;
				CLANG_WARN_OBJC_ROOT_CLASS = YES_ERROR;
				CLANG_WARN_QUOTED_INCLUDE_IN_FRAMEWORK_HEADER = YES;
				CLANG_WARN_RANGE_LOOP_ANALYSIS = YES;
				CLANG_WARN_STRICT_PROTOTYPES = YES;
				CLANG_WARN_SUSPICIOUS_MOVE = YES;
				CLANG_WARN_UNGUARDED_AVAILABILITY = YES_AGGRESSIVE;
				CLANG_WARN_UNREACHABLE_CODE = YES;
				CLANG_WARN__DUPLICATE_METHOD_MATCH = YES;
				COPY_PHASE_STRIP = NO;
				DEBUG_INFORMATION_FORMAT = "dwarf-with-dsym";
				ENABLE_NS_ASSERTIONS = NO;
				ENABLE_STRICT_OBJC_MSGSEND = YES;
				GCC_C_LANGUAGE_STANDARD = gnu11;
				GCC_NO_COMMON_BLOCKS = YES;
				GCC_WARN_64_TO_32_BIT_CONVERSION = YES;
				GCC_WARN_ABOUT_RETURN_TYPE = YES_ERROR;
				GCC_WARN_UNDECLARED_SELECTOR = YES;
				GCC_WARN_UNINITIALIZED_AUTOS = YES_AGGRESSIVE;
				GCC_WARN_UNUSED_FUNCTION = YES;
				GCC_WARN_UNUSED_VARIABLE = YES;
				IPHONEOS_DEPLOYMENT_TARGET = 16.2;
				MTL_ENABLE_DEBUG_INFO = NO;
				MTL_FAST_MATH = YES;
				SDKROOT = iphoneos;
				SWIFT_COMPILATION_MODE = wholemodule;
				SWIFT_OPTIMIZATION_LEVEL = "-O";
				VALIDATE_PRODUCT = YES;
			};
			name = Release;
		};
		95AA59682CEE798C002705F5 /* Debug */ = {
			isa = XCBuildConfiguration;
			buildSettings = {
				ASSETCATALOG_COMPILER_APPICON_NAME = AppIcon;
				ASSETCATALOG_COMPILER_GLOBAL_ACCENT_COLOR_NAME = AccentColor;
				CODE_SIGN_STYLE = Automatic;
				CURRENT_PROJECT_VERSION = 1;
				DEVELOPMENT_TEAM = 2W9656KRV7;
				GENERATE_INFOPLIST_FILE = YES;
				INFOPLIST_FILE = RickAndMorty/Info.plist;
				INFOPLIST_KEY_UIApplicationSupportsIndirectInputEvents = YES;
				INFOPLIST_KEY_UILaunchStoryboardName = LaunchScreen;
				INFOPLIST_KEY_UIMainStoryboardFile = Main;
				INFOPLIST_KEY_UISupportedInterfaceOrientations_iPad = "UIInterfaceOrientationPortrait UIInterfaceOrientationPortraitUpsideDown UIInterfaceOrientationLandscapeLeft UIInterfaceOrientationLandscapeRight";
				INFOPLIST_KEY_UISupportedInterfaceOrientations_iPhone = "UIInterfaceOrientationPortrait UIInterfaceOrientationLandscapeLeft UIInterfaceOrientationLandscapeRight";
				LD_RUNPATH_SEARCH_PATHS = (
					"$(inherited)",
					"@executable_path/Frameworks",
				);
				MARKETING_VERSION = 1.0;
				PRODUCT_BUNDLE_IDENTIFIER = company.RickAndMorty;
				PRODUCT_NAME = "$(TARGET_NAME)";
				SWIFT_EMIT_LOC_STRINGS = YES;
				SWIFT_VERSION = 5.0;
				TARGETED_DEVICE_FAMILY = "1,2";
			};
			name = Debug;
		};
		95AA59692CEE798C002705F5 /* Release */ = {
			isa = XCBuildConfiguration;
			buildSettings = {
				ASSETCATALOG_COMPILER_APPICON_NAME = AppIcon;
				ASSETCATALOG_COMPILER_GLOBAL_ACCENT_COLOR_NAME = AccentColor;
				CODE_SIGN_STYLE = Automatic;
				CURRENT_PROJECT_VERSION = 1;
				DEVELOPMENT_TEAM = 2W9656KRV7;
				GENERATE_INFOPLIST_FILE = YES;
				INFOPLIST_FILE = RickAndMorty/Info.plist;
				INFOPLIST_KEY_UIApplicationSupportsIndirectInputEvents = YES;
				INFOPLIST_KEY_UILaunchStoryboardName = LaunchScreen;
				INFOPLIST_KEY_UIMainStoryboardFile = Main;
				INFOPLIST_KEY_UISupportedInterfaceOrientations_iPad = "UIInterfaceOrientationPortrait UIInterfaceOrientationPortraitUpsideDown UIInterfaceOrientationLandscapeLeft UIInterfaceOrientationLandscapeRight";
				INFOPLIST_KEY_UISupportedInterfaceOrientations_iPhone = "UIInterfaceOrientationPortrait UIInterfaceOrientationLandscapeLeft UIInterfaceOrientationLandscapeRight";
				LD_RUNPATH_SEARCH_PATHS = (
					"$(inherited)",
					"@executable_path/Frameworks",
				);
				MARKETING_VERSION = 1.0;
				PRODUCT_BUNDLE_IDENTIFIER = company.RickAndMorty;
				PRODUCT_NAME = "$(TARGET_NAME)";
				SWIFT_EMIT_LOC_STRINGS = YES;
				SWIFT_VERSION = 5.0;
				TARGETED_DEVICE_FAMILY = "1,2";
			};
			name = Release;
		};
/* End XCBuildConfiguration section */

/* Begin XCConfigurationList section */
		95AA594E2CEE7987002705F5 /* Build configuration list for PBXProject "RickAndMorty" */ = {
			isa = XCConfigurationList;
			buildConfigurations = (
				95AA59652CEE798C002705F5 /* Debug */,
				95AA59662CEE798C002705F5 /* Release */,
			);
			defaultConfigurationIsVisible = 0;
			defaultConfigurationName = Release;
		};
		95AA59672CEE798C002705F5 /* Build configuration list for PBXNativeTarget "RickAndMorty" */ = {
			isa = XCConfigurationList;
			buildConfigurations = (
				95AA59682CEE798C002705F5 /* Debug */,
				95AA59692CEE798C002705F5 /* Release */,
			);
			defaultConfigurationIsVisible = 0;
			defaultConfigurationName = Release;
		};
/* End XCConfigurationList section */

/* Begin XCVersionGroup section */
		01BD17452D0A392900DC1E94 /* EpisodeContainer.xcdatamodeld */ = {
			isa = XCVersionGroup;
			children = (
				01BD17462D0A392900DC1E94 /* EpisodeContainer.xcdatamodel */,
			);
			currentVersion = 01BD17462D0A392900DC1E94 /* EpisodeContainer.xcdatamodel */;
			path = EpisodeContainer.xcdatamodeld;
			sourceTree = "<group>";
			versionGroupType = wrapper.xcdatamodel;
		};
/* End XCVersionGroup section */
	};
	rootObject = 95AA594B2CEE7987002705F5 /* Project object */;
}
